
Microsoft Visual Studio Solution File, Format Version 12.00
# Visual Studio Version 17
VisualStudioVersion = 17.13.35818.85
MinimumVisualStudioVersion = 10.0.40219.1
Project("{FAE04EC0-301F-11D3-BF4B-00C04F79EFBC}") = "Business", "..\Business\Business.csproj", "{260145ED-2E3B-43B4-8E16-86F223EB7E7E}"
EndProject
Project("{FAE04EC0-301F-11D3-BF4B-00C04F79EFBC}") = "Data", "..\Data\Data.csproj", "{6250A0C9-E8FD-478C-A4B1-CE9EA2BBB268}"
EndProject
Project("{FAE04EC0-301F-11D3-BF4B-00C04F79EFBC}") = "WebApp-ASP", "WebApp-ASP.csproj", "{F90E7B04-3CF1-4D9A-B1CE-17CFC2CF0484}"
EndProject
Global
	GlobalSection(SolutionConfigurationPlatforms) = preSolution
		Debug|Any CPU = Debug|Any CPU
		Release|Any CPU = Release|Any CPU
	EndGlobalSection
	GlobalSection(ProjectConfigurationPlatforms) = postSolution
		{260145ED-2E3B-43B4-8E16-86F223EB7E7E}.Debug|Any CPU.ActiveCfg = Debug|Any CPU
		{260145ED-2E3B-43B4-8E16-86F223EB7E7E}.Debug|Any CPU.Build.0 = Debug|Any CPU
		{260145ED-2E3B-43B4-8E16-86F223EB7E7E}.Release|Any CPU.ActiveCfg = Release|Any CPU
		{260145ED-2E3B-43B4-8E16-86F223EB7E7E}.Release|Any CPU.Build.0 = Release|Any CPU
		{6250A0C9-E8FD-478C-A4B1-CE9EA2BBB268}.Debug|Any CPU.ActiveCfg = Debug|Any CPU
		{6250A0C9-E8FD-478C-A4B1-CE9EA2BBB268}.Debug|Any CPU.Build.0 = Debug|Any CPU
		{6250A0C9-E8FD-478C-A4B1-CE9EA2BBB268}.Release|Any CPU.ActiveCfg = Release|Any CPU
		{6250A0C9-E8FD-478C-A4B1-CE9EA2BBB268}.Release|Any CPU.Build.0 = Release|Any CPU
		{F90E7B04-3CF1-4D9A-B1CE-17CFC2CF0484}.Debug|Any CPU.ActiveCfg = Debug|Any CPU
		{F90E7B04-3CF1-4D9A-B1CE-17CFC2CF0484}.Debug|Any CPU.Build.0 = Debug|Any CPU
		{F90E7B04-3CF1-4D9A-B1CE-17CFC2CF0484}.Release|Any CPU.ActiveCfg = Release|Any CPU
		{F90E7B04-3CF1-4D9A-B1CE-17CFC2CF0484}.Release|Any CPU.Build.0 = Release|Any CPU
	EndGlobalSection
	GlobalSection(SolutionProperties) = preSolution
		HideSolutionNode = FALSE
	EndGlobalSection
	GlobalSection(ExtensibilityGlobals) = postSolution
		SolutionGuid = {37A4905C-94CC-4164-A79F-B1487CD1B20E}
	EndGlobalSection
EndGlobal
